
Microsoft Visual Studio Solution File, Format Version 12.00
# Visual Studio Version 17
VisualStudioVersion = 17.9.34723.18
MinimumVisualStudioVersion = 10.0.40219.1
Project("{FAE04EC0-301F-11D3-BF4B-00C04F79EFBC}") = "KiemTraGiuaKy", "KiemTraGiuaKy.csproj", "{474BC450-1236-4CC8-8339-F7B45BD62215}"
EndProject
Global
	GlobalSection(SolutionConfigurationPlatforms) = preSolution
		Debug|Any CPU = Debug|Any CPU
		Release|Any CPU = Release|Any CPU
	EndGlobalSection
	GlobalSection(ProjectConfigurationPlatforms) = postSolution
		{474BC450-1236-4CC8-8339-F7B45BD62215}.Debug|Any CPU.ActiveCfg = Debug|Any CPU
		{474BC450-1236-4CC8-8339-F7B45BD62215}.Debug|Any CPU.Build.0 = Debug|Any CPU
		{474BC450-1236-4CC8-8339-F7B45BD62215}.Release|Any CPU.ActiveCfg = Release|Any CPU
		{474BC450-1236-4CC8-8339-F7B45BD62215}.Release|Any CPU.Build.0 = Release|Any CPU
	EndGlobalSection
	GlobalSection(SolutionProperties) = preSolution
		HideSolutionNode = FALSE
	EndGlobalSection
	GlobalSection(ExtensibilityGlobals) = postSolution
		SolutionGuid = {C6EB1666-2D4F-43A7-9F0B-B614269CE462}
	EndGlobalSection
EndGlobal
