
Microsoft Visual Studio Solution File, Format Version 12.00
# Visual Studio Version 17
VisualStudioVersion = 17.9.34622.214
MinimumVisualStudioVersion = 10.0.40219.1
Project("{FAE04EC0-301F-11D3-BF4B-00C04F79EFBC}") = "Bai1_HelloWorld", "Bai1_HelloWorld\Bai1_HelloWorld.csproj", "{98509F03-C53A-45D3-AD48-9F5BEA077619}"
EndProject
Project("{FAE04EC0-301F-11D3-BF4B-00C04F79EFBC}") = "Bai2_DangNhap", "Bai2_DangNhap\Bai2_DangNhap.csproj", "{44481837-CE48-41AB-A69D-43E18B4B414B}"
EndProject
Project("{FAE04EC0-301F-11D3-BF4B-00C04F79EFBC}") = "Bai5_Dienhoa24gio.com", "Bai5_Dienhoa24gio.com\Bai5_Dienhoa24gio.com.csproj", "{DCD52BFE-2161-45F8-A724-F3CAA1DC3ECA}"
EndProject
Project("{FAE04EC0-301F-11D3-BF4B-00C04F79EFBC}") = "Bai4_RealEstate", "Bai4_RealEstate\Bai4_RealEstate.csproj", "{EDB97ED5-C53E-464E-9C95-5B32B21322B7}"
EndProject
Project("{FAE04EC0-301F-11D3-BF4B-00C04F79EFBC}") = "Bai3_KhoaCNTT", "Bai3_KhoaCNTT\Bai3_KhoaCNTT.csproj", "{93A08B7F-FF36-4A07-B9DB-C6B1DBCAB675}"
EndProject
Global
	GlobalSection(SolutionConfigurationPlatforms) = preSolution
		Debug|Any CPU = Debug|Any CPU
		Release|Any CPU = Release|Any CPU
	EndGlobalSection
	GlobalSection(ProjectConfigurationPlatforms) = postSolution
		{98509F03-C53A-45D3-AD48-9F5BEA077619}.Debug|Any CPU.ActiveCfg = Debug|Any CPU
		{98509F03-C53A-45D3-AD48-9F5BEA077619}.Debug|Any CPU.Build.0 = Debug|Any CPU
		{98509F03-C53A-45D3-AD48-9F5BEA077619}.Release|Any CPU.ActiveCfg = Release|Any CPU
		{98509F03-C53A-45D3-AD48-9F5BEA077619}.Release|Any CPU.Build.0 = Release|Any CPU
		{44481837-CE48-41AB-A69D-43E18B4B414B}.Debug|Any CPU.ActiveCfg = Debug|Any CPU
		{44481837-CE48-41AB-A69D-43E18B4B414B}.Debug|Any CPU.Build.0 = Debug|Any CPU
		{44481837-CE48-41AB-A69D-43E18B4B414B}.Release|Any CPU.ActiveCfg = Release|Any CPU
		{44481837-CE48-41AB-A69D-43E18B4B414B}.Release|Any CPU.Build.0 = Release|Any CPU
		{DCD52BFE-2161-45F8-A724-F3CAA1DC3ECA}.Debug|Any CPU.ActiveCfg = Debug|Any CPU
		{DCD52BFE-2161-45F8-A724-F3CAA1DC3ECA}.Debug|Any CPU.Build.0 = Debug|Any CPU
		{DCD52BFE-2161-45F8-A724-F3CAA1DC3ECA}.Release|Any CPU.ActiveCfg = Release|Any CPU
		{DCD52BFE-2161-45F8-A724-F3CAA1DC3ECA}.Release|Any CPU.Build.0 = Release|Any CPU
		{EDB97ED5-C53E-464E-9C95-5B32B21322B7}.Debug|Any CPU.ActiveCfg = Debug|Any CPU
		{EDB97ED5-C53E-464E-9C95-5B32B21322B7}.Debug|Any CPU.Build.0 = Debug|Any CPU
		{EDB97ED5-C53E-464E-9C95-5B32B21322B7}.Release|Any CPU.ActiveCfg = Release|Any CPU
		{EDB97ED5-C53E-464E-9C95-5B32B21322B7}.Release|Any CPU.Build.0 = Release|Any CPU
		{93A08B7F-FF36-4A07-B9DB-C6B1DBCAB675}.Debug|Any CPU.ActiveCfg = Debug|Any CPU
		{93A08B7F-FF36-4A07-B9DB-C6B1DBCAB675}.Debug|Any CPU.Build.0 = Debug|Any CPU
		{93A08B7F-FF36-4A07-B9DB-C6B1DBCAB675}.Release|Any CPU.ActiveCfg = Release|Any CPU
		{93A08B7F-FF36-4A07-B9DB-C6B1DBCAB675}.Release|Any CPU.Build.0 = Release|Any CPU
	EndGlobalSection
	GlobalSection(SolutionProperties) = preSolution
		HideSolutionNode = FALSE
	EndGlobalSection
	GlobalSection(ExtensibilityGlobals) = postSolution
		SolutionGuid = {0228B6B3-9C67-405D-93A2-74040BD557A0}
	EndGlobalSection
EndGlobal
